%{
  "floki": {:hex, :floki, "0.24.0", "81ec04f66cdc7d142fa8c9f402e4493a25bf9eb8bc39f971f58a8ea84a2e35d3", [:mix], [{:html_entities, "~> 0.5.0", [hex: :html_entities, repo: "hexpm", optional: false]}], "hexpm"},
  "html_entities": {:hex, :html_entities, "0.5.0", "40f5c5b9cbe23073b48a4e69c67b6c11974f623a76165e2b92d098c0e88ccb1d", [:mix], [], "hexpm"},
}
